// !$*UTF8*$!
{
	archiveVersion = 1;
	classes = {
	};
	objectVersion = 50;
	objects = {

/* Begin PBXBuildFile section */
		5E06D56A23027FBD00DE6EE1 /* TravelDecriptionViewController.swift in Sources */ = {isa = PBXBuildFile; fileRef = 5E06D56923027FBD00DE6EE1 /* TravelDecriptionViewController.swift */; };
		5E06D56C2302896C00DE6EE1 /* GetTravelModeImage.swift in Sources */ = {isa = PBXBuildFile; fileRef = 5E06D56B2302896C00DE6EE1 /* GetTravelModeImage.swift */; };
		5E06D5702302B7D500DE6EE1 /* Colors.swift in Sources */ = {isa = PBXBuildFile; fileRef = 5E06D56F2302B7D500DE6EE1 /* Colors.swift */; };
		5E06D5722302BFD300DE6EE1 /* TravelTimeEnum.swift in Sources */ = {isa = PBXBuildFile; fileRef = 5E06D5712302BFD300DE6EE1 /* TravelTimeEnum.swift */; };
		5E06D5752302E0CC00DE6EE1 /* NewTravelDetailsViewController.swift in Sources */ = {isa = PBXBuildFile; fileRef = 5E06D5742302E0CC00DE6EE1 /* NewTravelDetailsViewController.swift */; };
		5EA8B183230131F50020D664 /* DateSeperator.swift in Sources */ = {isa = PBXBuildFile; fileRef = 5EA8B182230131F50020D664 /* DateSeperator.swift */; };
		5EA8B186230143B40020D664 /* TableViewDataSource.swift in Sources */ = {isa = PBXBuildFile; fileRef = 5EA8B185230143B40020D664 /* TableViewDataSource.swift */; };
		5EA8B1882301481F0020D664 /* ExpandedSate.swift in Sources */ = {isa = PBXBuildFile; fileRef = 5EA8B1872301481F0020D664 /* ExpandedSate.swift */; };
		5EA8B18C230157AD0020D664 /* TableViewDelegate.swift in Sources */ = {isa = PBXBuildFile; fileRef = 5EA8B18B230157AD0020D664 /* TableViewDelegate.swift */; };
		5EA8B18E23017D3C0020D664 /* allTravelsDataApi.json in Resources */ = {isa = PBXBuildFile; fileRef = 5EA8B18D23017D3C0020D664 /* allTravelsDataApi.json */; };
		5EAF152923012A4C00FC19DA /* Strings.swift in Sources */ = {isa = PBXBuildFile; fileRef = 5EAF152823012A4C00FC19DA /* Strings.swift */; };
		5EAFF0E022FD353100C67211 /* getData.swift in Sources */ = {isa = PBXBuildFile; fileRef = 5EAFF0DF22FD353100C67211 /* getData.swift */; };
		5EC25AA722FC3FB400D9DA37 /* AppDelegate.swift in Sources */ = {isa = PBXBuildFile; fileRef = 5EC25AA622FC3FB400D9DA37 /* AppDelegate.swift */; };
		5EC25AA922FC3FB400D9DA37 /* TravelListHomeViewController.swift in Sources */ = {isa = PBXBuildFile; fileRef = 5EC25AA822FC3FB400D9DA37 /* TravelListHomeViewController.swift */; };
		5EC25AAC22FC3FB400D9DA37 /* Main.storyboard in Resources */ = {isa = PBXBuildFile; fileRef = 5EC25AAA22FC3FB400D9DA37 /* Main.storyboard */; };
		5EC25AAE22FC3FB600D9DA37 /* Assets.xcassets in Resources */ = {isa = PBXBuildFile; fileRef = 5EC25AAD22FC3FB600D9DA37 /* Assets.xcassets */; };
		5EC25AB122FC3FB600D9DA37 /* LaunchScreen.storyboard in Resources */ = {isa = PBXBuildFile; fileRef = 5EC25AAF22FC3FB600D9DA37 /* LaunchScreen.storyboard */; };
		5EC25ABA22FC49D500D9DA37 /* TravelCell.swift in Sources */ = {isa = PBXBuildFile; fileRef = 5EC25AB922FC49D500D9DA37 /* TravelCell.swift */; };
		5EC25ABC22FC51BE00D9DA37 /* TravelModel.swift in Sources */ = {isa = PBXBuildFile; fileRef = 5EC25ABB22FC51BE00D9DA37 /* TravelModel.swift */; };
		5ECD942E2303D0D500AD6A63 /* StringExtension.swift in Sources */ = {isa = PBXBuildFile; fileRef = 5ECD942D2303D0D500AD6A63 /* StringExtension.swift */; };
		5ECD94322303D25700AD6A63 /* TextFieldDelegate.swift in Sources */ = {isa = PBXBuildFile; fileRef = 5ECD94312303D25700AD6A63 /* TextFieldDelegate.swift */; };
		5ECD94342303D28600AD6A63 /* TextViewDelegate.swift in Sources */ = {isa = PBXBuildFile; fileRef = 5ECD94332303D28600AD6A63 /* TextViewDelegate.swift */; };
		5ECD94362303D48E00AD6A63 /* LabelStatusSetter.swift in Sources */ = {isa = PBXBuildFile; fileRef = 5ECD94352303D48E00AD6A63 /* LabelStatusSetter.swift */; };
		5ECD94382303D54800AD6A63 /* TextFieldDesign.swift in Sources */ = {isa = PBXBuildFile; fileRef = 5ECD94372303D54800AD6A63 /* TextFieldDesign.swift */; };
		5ECD943A2303D59F00AD6A63 /* textViewDesign.swift in Sources */ = {isa = PBXBuildFile; fileRef = 5ECD94392303D59F00AD6A63 /* textViewDesign.swift */; };
		5ECD943C2303E8D100AD6A63 /* ViewDesign.swift in Sources */ = {isa = PBXBuildFile; fileRef = 5ECD943B2303E8D100AD6A63 /* ViewDesign.swift */; };
		5ECD944023041AB500AD6A63 /* modeOfTravelSelectionViewController.swift in Sources */ = {isa = PBXBuildFile; fileRef = 5ECD943F23041AB500AD6A63 /* modeOfTravelSelectionViewController.swift */; };
/* End PBXBuildFile section */

/* Begin PBXFileReference section */
		5E06D56923027FBD00DE6EE1 /* TravelDecriptionViewController.swift */ = {isa = PBXFileReference; lastKnownFileType = sourcecode.swift; path = TravelDecriptionViewController.swift; sourceTree = "<group>"; };
		5E06D56B2302896C00DE6EE1 /* GetTravelModeImage.swift */ = {isa = PBXFileReference; lastKnownFileType = sourcecode.swift; path = GetTravelModeImage.swift; sourceTree = "<group>"; };
		5E06D56F2302B7D500DE6EE1 /* Colors.swift */ = {isa = PBXFileReference; lastKnownFileType = sourcecode.swift; path = Colors.swift; sourceTree = "<group>"; };
		5E06D5712302BFD300DE6EE1 /* TravelTimeEnum.swift */ = {isa = PBXFileReference; lastKnownFileType = sourcecode.swift; path = TravelTimeEnum.swift; sourceTree = "<group>"; };
		5E06D5742302E0CC00DE6EE1 /* NewTravelDetailsViewController.swift */ = {isa = PBXFileReference; lastKnownFileType = sourcecode.swift; path = NewTravelDetailsViewController.swift; sourceTree = "<group>"; };
		5EA8B182230131F50020D664 /* DateSeperator.swift */ = {isa = PBXFileReference; lastKnownFileType = sourcecode.swift; path = DateSeperator.swift; sourceTree = "<group>"; };
		5EA8B185230143B40020D664 /* TableViewDataSource.swift */ = {isa = PBXFileReference; lastKnownFileType = sourcecode.swift; path = TableViewDataSource.swift; sourceTree = "<group>"; };
		5EA8B1872301481F0020D664 /* ExpandedSate.swift */ = {isa = PBXFileReference; lastKnownFileType = sourcecode.swift; path = ExpandedSate.swift; sourceTree = "<group>"; };
		5EA8B18B230157AD0020D664 /* TableViewDelegate.swift */ = {isa = PBXFileReference; lastKnownFileType = sourcecode.swift; path = TableViewDelegate.swift; sourceTree = "<group>"; };
		5EA8B18D23017D3C0020D664 /* allTravelsDataApi.json */ = {isa = PBXFileReference; lastKnownFileType = text.json; path = allTravelsDataApi.json; sourceTree = "<group>"; };
		5EAF152823012A4C00FC19DA /* Strings.swift */ = {isa = PBXFileReference; lastKnownFileType = sourcecode.swift; path = Strings.swift; sourceTree = "<group>"; };
		5EAFF0DF22FD353100C67211 /* getData.swift */ = {isa = PBXFileReference; lastKnownFileType = sourcecode.swift; path = getData.swift; sourceTree = "<group>"; };
		5EC25AA322FC3FB400D9DA37 /* TravelPlanning.app */ = {isa = PBXFileReference; explicitFileType = wrapper.application; includeInIndex = 0; path = TravelPlanning.app; sourceTree = BUILT_PRODUCTS_DIR; };
		5EC25AA622FC3FB400D9DA37 /* AppDelegate.swift */ = {isa = PBXFileReference; lastKnownFileType = sourcecode.swift; path = AppDelegate.swift; sourceTree = "<group>"; };
		5EC25AA822FC3FB400D9DA37 /* TravelListHomeViewController.swift */ = {isa = PBXFileReference; lastKnownFileType = sourcecode.swift; path = TravelListHomeViewController.swift; sourceTree = "<group>"; };
		5EC25AAB22FC3FB400D9DA37 /* Base */ = {isa = PBXFileReference; lastKnownFileType = file.storyboard; name = Base; path = Base.lproj/Main.storyboard; sourceTree = "<group>"; };
		5EC25AAD22FC3FB600D9DA37 /* Assets.xcassets */ = {isa = PBXFileReference; lastKnownFileType = folder.assetcatalog; path = Assets.xcassets; sourceTree = "<group>"; };
		5EC25AB022FC3FB600D9DA37 /* Base */ = {isa = PBXFileReference; lastKnownFileType = file.storyboard; name = Base; path = Base.lproj/LaunchScreen.storyboard; sourceTree = "<group>"; };
		5EC25AB222FC3FB600D9DA37 /* Info.plist */ = {isa = PBXFileReference; lastKnownFileType = text.plist.xml; path = Info.plist; sourceTree = "<group>"; };
		5EC25AB922FC49D500D9DA37 /* TravelCell.swift */ = {isa = PBXFileReference; lastKnownFileType = sourcecode.swift; path = TravelCell.swift; sourceTree = "<group>"; };
		5EC25ABB22FC51BE00D9DA37 /* TravelModel.swift */ = {isa = PBXFileReference; lastKnownFileType = sourcecode.swift; path = TravelModel.swift; sourceTree = "<group>"; };
		5ECD942D2303D0D500AD6A63 /* StringExtension.swift */ = {isa = PBXFileReference; lastKnownFileType = sourcecode.swift; path = StringExtension.swift; sourceTree = "<group>"; };
		5ECD94312303D25700AD6A63 /* TextFieldDelegate.swift */ = {isa = PBXFileReference; lastKnownFileType = sourcecode.swift; path = TextFieldDelegate.swift; sourceTree = "<group>"; };
		5ECD94332303D28600AD6A63 /* TextViewDelegate.swift */ = {isa = PBXFileReference; lastKnownFileType = sourcecode.swift; path = TextViewDelegate.swift; sourceTree = "<group>"; };
		5ECD94352303D48E00AD6A63 /* LabelStatusSetter.swift */ = {isa = PBXFileReference; lastKnownFileType = sourcecode.swift; path = LabelStatusSetter.swift; sourceTree = "<group>"; };
		5ECD94372303D54800AD6A63 /* TextFieldDesign.swift */ = {isa = PBXFileReference; lastKnownFileType = sourcecode.swift; path = TextFieldDesign.swift; sourceTree = "<group>"; };
		5ECD94392303D59F00AD6A63 /* textViewDesign.swift */ = {isa = PBXFileReference; lastKnownFileType = sourcecode.swift; path = textViewDesign.swift; sourceTree = "<group>"; };
		5ECD943B2303E8D100AD6A63 /* ViewDesign.swift */ = {isa = PBXFileReference; lastKnownFileType = sourcecode.swift; path = ViewDesign.swift; sourceTree = "<group>"; };
		5ECD943F23041AB500AD6A63 /* modeOfTravelSelectionViewController.swift */ = {isa = PBXFileReference; lastKnownFileType = sourcecode.swift; path = modeOfTravelSelectionViewController.swift; sourceTree = "<group>"; };
/* End PBXFileReference section */

/* Begin PBXFrameworksBuildPhase section */
		5EC25AA022FC3FB400D9DA37 /* Frameworks */ = {
			isa = PBXFrameworksBuildPhase;
			buildActionMask = 2147483647;
			files = (
			);
			runOnlyForDeploymentPostprocessing = 0;
		};
/* End PBXFrameworksBuildPhase section */

/* Begin PBXGroup section */
		5E06D56823027F8500DE6EE1 /* TravelDescriptionView */ = {
			isa = PBXGroup;
			children = (
				5E06D56923027FBD00DE6EE1 /* TravelDecriptionViewController.swift */,
				5ECD943F23041AB500AD6A63 /* modeOfTravelSelectionViewController.swift */,
			);
			path = TravelDescriptionView;
			sourceTree = "<group>";
		};
		5E06D5732302E0A700DE6EE1 /* AddNewTravelView */ = {
			isa = PBXGroup;
			children = (
				5ECD94302303D23300AD6A63 /* Extensions */,
				5E06D5742302E0CC00DE6EE1 /* NewTravelDetailsViewController.swift */,
			);
			path = AddNewTravelView;
			sourceTree = "<group>";
		};
		5EA8B184230143990020D664 /* Extensions */ = {
			isa = PBXGroup;
			children = (
				5EA8B185230143B40020D664 /* TableViewDataSource.swift */,
				5EA8B18B230157AD0020D664 /* TableViewDelegate.swift */,
			);
			path = Extensions;
			sourceTree = "<group>";
		};
		5EAF1527230129F400FC19DA /* Constants */ = {
			isa = PBXGroup;
			children = (
				5EAF152823012A4C00FC19DA /* Strings.swift */,
				5E06D56F2302B7D500DE6EE1 /* Colors.swift */,
			);
			path = Constants;
			sourceTree = "<group>";
		};
		5EAFF0DE22FD350A00C67211 /* DataBase */ = {
			isa = PBXGroup;
			children = (
				5EAFF0DF22FD353100C67211 /* getData.swift */,
			);
			path = DataBase;
			sourceTree = "<group>";
		};
		5EC25A9A22FC3FB400D9DA37 = {
			isa = PBXGroup;
			children = (
				5ECD942F2303D0DC00AD6A63 /* Extensions */,
				5E06D56B2302896C00DE6EE1 /* GetTravelModeImage.swift */,
				5EAF1527230129F400FC19DA /* Constants */,
				5EC25AA522FC3FB400D9DA37 /* TravelPlanning */,
				5EC25AA422FC3FB400D9DA37 /* Products */,
			);
			sourceTree = "<group>";
		};
		5EC25AA422FC3FB400D9DA37 /* Products */ = {
			isa = PBXGroup;
			children = (
				5EC25AA322FC3FB400D9DA37 /* TravelPlanning.app */,
			);
			name = Products;
			sourceTree = "<group>";
		};
		5EC25AA522FC3FB400D9DA37 /* TravelPlanning */ = {
			isa = PBXGroup;
			children = (
				5E06D5732302E0A700DE6EE1 /* AddNewTravelView */,
				5E06D56823027F8500DE6EE1 /* TravelDescriptionView */,
				5EA8B184230143990020D664 /* Extensions */,
				5EAFF0DE22FD350A00C67211 /* DataBase */,
				5EC25AB822FC49B900D9DA37 /* TravelCell */,
				5EC25AA622FC3FB400D9DA37 /* AppDelegate.swift */,
				5EA8B182230131F50020D664 /* DateSeperator.swift */,
				5EC25AA822FC3FB400D9DA37 /* TravelListHomeViewController.swift */,
				5EC25AAA22FC3FB400D9DA37 /* Main.storyboard */,
				5EC25AAD22FC3FB600D9DA37 /* Assets.xcassets */,
				5EA8B18D23017D3C0020D664 /* allTravelsDataApi.json */,
				5EC25AAF22FC3FB600D9DA37 /* LaunchScreen.storyboard */,
				5EC25AB222FC3FB600D9DA37 /* Info.plist */,
			);
			path = TravelPlanning;
			sourceTree = "<group>";
		};
		5EC25AB822FC49B900D9DA37 /* TravelCell */ = {
			isa = PBXGroup;
			children = (
				5EC25AB922FC49D500D9DA37 /* TravelCell.swift */,
				5EC25ABB22FC51BE00D9DA37 /* TravelModel.swift */,
				5EA8B1872301481F0020D664 /* ExpandedSate.swift */,
				5E06D5712302BFD300DE6EE1 /* TravelTimeEnum.swift */,
			);
			path = TravelCell;
			sourceTree = "<group>";
		};
		5ECD942F2303D0DC00AD6A63 /* Extensions */ = {
			isa = PBXGroup;
			children = (
				5ECD942D2303D0D500AD6A63 /* StringExtension.swift */,
				5ECD94372303D54800AD6A63 /* TextFieldDesign.swift */,
				5ECD94392303D59F00AD6A63 /* textViewDesign.swift */,
				5ECD943B2303E8D100AD6A63 /* ViewDesign.swift */,
			);
			path = Extensions;
			sourceTree = "<group>";
		};
		5ECD94302303D23300AD6A63 /* Extensions */ = {
			isa = PBXGroup;
			children = (
				5ECD94312303D25700AD6A63 /* TextFieldDelegate.swift */,
				5ECD94332303D28600AD6A63 /* TextViewDelegate.swift */,
				5ECD94352303D48E00AD6A63 /* LabelStatusSetter.swift */,
			);
			path = Extensions;
			sourceTree = "<group>";
		};
/* End PBXGroup section */

/* Begin PBXNativeTarget section */
		5EC25AA222FC3FB400D9DA37 /* TravelPlanning */ = {
			isa = PBXNativeTarget;
			buildConfigurationList = 5EC25AB522FC3FB600D9DA37 /* Build configuration list for PBXNativeTarget "TravelPlanning" */;
			buildPhases = (
				5EC25A9F22FC3FB400D9DA37 /* Sources */,
				5EC25AA022FC3FB400D9DA37 /* Frameworks */,
				5EC25AA122FC3FB400D9DA37 /* Resources */,
			);
			buildRules = (
			);
			dependencies = (
			);
			name = TravelPlanning;
			productName = TravelPlanning;
			productReference = 5EC25AA322FC3FB400D9DA37 /* TravelPlanning.app */;
			productType = "com.apple.product-type.application";
		};
/* End PBXNativeTarget section */

/* Begin PBXProject section */
		5EC25A9B22FC3FB400D9DA37 /* Project object */ = {
			isa = PBXProject;
			attributes = {
				LastSwiftUpdateCheck = 1030;
				LastUpgradeCheck = 1030;
				ORGANIZATIONNAME = Tringapps;
				TargetAttributes = {
					5EC25AA222FC3FB400D9DA37 = {
						CreatedOnToolsVersion = 10.3;
					};
				};
			};
			buildConfigurationList = 5EC25A9E22FC3FB400D9DA37 /* Build configuration list for PBXProject "TravelPlanning" */;
			compatibilityVersion = "Xcode 9.3";
			developmentRegion = en;
			hasScannedForEncodings = 0;
			knownRegions = (
				en,
				Base,
			);
			mainGroup = 5EC25A9A22FC3FB400D9DA37;
			productRefGroup = 5EC25AA422FC3FB400D9DA37 /* Products */;
			projectDirPath = "";
			projectRoot = "";
			targets = (
				5EC25AA222FC3FB400D9DA37 /* TravelPlanning */,
			);
		};
/* End PBXProject section */

/* Begin PBXResourcesBuildPhase section */
		5EC25AA122FC3FB400D9DA37 /* Resources */ = {
			isa = PBXResourcesBuildPhase;
			buildActionMask = 2147483647;
			files = (
				5EA8B18E23017D3C0020D664 /* allTravelsDataApi.json in Resources */,
				5EC25AB122FC3FB600D9DA37 /* LaunchScreen.storyboard in Resources */,
				5EC25AAE22FC3FB600D9DA37 /* Assets.xcassets in Resources */,
				5EC25AAC22FC3FB400D9DA37 /* Main.storyboard in Resources */,
			);
			runOnlyForDeploymentPostprocessing = 0;
		};
/* End PBXResourcesBuildPhase section */

/* Begin PBXSourcesBuildPhase section */
		5EC25A9F22FC3FB400D9DA37 /* Sources */ = {
			isa = PBXSourcesBuildPhase;
			buildActionMask = 2147483647;
			files = (
				5EA8B18C230157AD0020D664 /* TableViewDelegate.swift in Sources */,
				5EAFF0E022FD353100C67211 /* getData.swift in Sources */,
				5ECD94322303D25700AD6A63 /* TextFieldDelegate.swift in Sources */,
				5ECD943A2303D59F00AD6A63 /* textViewDesign.swift in Sources */,
				5EC25AA922FC3FB400D9DA37 /* TravelListHomeViewController.swift in Sources */,
				5E06D5722302BFD300DE6EE1 /* TravelTimeEnum.swift in Sources */,
				5ECD94362303D48E00AD6A63 /* LabelStatusSetter.swift in Sources */,
				5E06D5702302B7D500DE6EE1 /* Colors.swift in Sources */,
				5ECD944023041AB500AD6A63 /* modeOfTravelSelectionViewController.swift in Sources */,
				5ECD943C2303E8D100AD6A63 /* ViewDesign.swift in Sources */,
				5EA8B186230143B40020D664 /* TableViewDataSource.swift in Sources */,
				5EC25ABA22FC49D500D9DA37 /* TravelCell.swift in Sources */,
				5E06D56C2302896C00DE6EE1 /* GetTravelModeImage.swift in Sources */,
				5ECD94342303D28600AD6A63 /* TextViewDelegate.swift in Sources */,
				5ECD942E2303D0D500AD6A63 /* StringExtension.swift in Sources */,
				5EA8B1882301481F0020D664 /* ExpandedSate.swift in Sources */,
				5E06D56A23027FBD00DE6EE1 /* TravelDecriptionViewController.swift in Sources */,
				5ECD94382303D54800AD6A63 /* TextFieldDesign.swift in Sources */,
				5EC25AA722FC3FB400D9DA37 /* AppDelegate.swift in Sources */,
				5E06D5752302E0CC00DE6EE1 /* NewTravelDetailsViewController.swift in Sources */,
				5EAF152923012A4C00FC19DA /* Strings.swift in Sources */,
				5EC25ABC22FC51BE00D9DA37 /* TravelModel.swift in Sources */,
				5EA8B183230131F50020D664 /* DateSeperator.swift in Sources */,
			);
			runOnlyForDeploymentPostprocessing = 0;
		};
/* End PBXSourcesBuildPhase section */

/* Begin PBXVariantGroup section */
		5EC25AAA22FC3FB400D9DA37 /* Main.storyboard */ = {
			isa = PBXVariantGroup;
			children = (
				5EC25AAB22FC3FB400D9DA37 /* Base */,
			);
			name = Main.storyboard;
			sourceTree = "<group>";
		};
		5EC25AAF22FC3FB600D9DA37 /* LaunchScreen.storyboard */ = {
			isa = PBXVariantGroup;
			children = (
				5EC25AB022FC3FB600D9DA37 /* Base */,
			);
			name = LaunchScreen.storyboard;
			sourceTree = "<group>";
		};
/* End PBXVariantGroup section */

/* Begin XCBuildConfiguration section */
		5EC25AB322FC3FB600D9DA37 /* Debug */ = {
			isa = XCBuildConfiguration;
			buildSettings = {
				ALWAYS_SEARCH_USER_PATHS = NO;
				CLANG_ANALYZER_NONNULL = YES;
				CLANG_ANALYZER_NUMBER_OBJECT_CONVERSION = YES_AGGRESSIVE;
				CLANG_CXX_LANGUAGE_STANDARD = "gnu++14";
				CLANG_CXX_LIBRARY = "libc++";
				CLANG_ENABLE_MODULES = YES;
				CLANG_ENABLE_OBJC_ARC = YES;
				CLANG_ENABLE_OBJC_WEAK = YES;
				CLANG_WARN_BLOCK_CAPTURE_AUTORELEASING = YES;
				CLANG_WARN_BOOL_CONVERSION = YES;
				CLANG_WARN_COMMA = YES;
				CLANG_WARN_CONSTANT_CONVERSION = YES;
				CLANG_WARN_DEPRECATED_OBJC_IMPLEMENTATIONS = YES;
				CLANG_WARN_DIRECT_OBJC_ISA_USAGE = YES_ERROR;
				CLANG_WARN_DOCUMENTATION_COMMENTS = YES;
				CLANG_WARN_EMPTY_BODY = YES;
				CLANG_WARN_ENUM_CONVERSION = YES;
				CLANG_WARN_INFINITE_RECURSION = YES;
				CLANG_WARN_INT_CONVERSION = YES;
				CLANG_WARN_NON_LITERAL_NULL_CONVERSION = YES;
				CLANG_WARN_OBJC_IMPLICIT_RETAIN_SELF = YES;
				CLANG_WARN_OBJC_LITERAL_CONVERSION = YES;
				CLANG_WARN_OBJC_ROOT_CLASS = YES_ERROR;
				CLANG_WARN_RANGE_LOOP_ANALYSIS = YES;
				CLANG_WARN_STRICT_PROTOTYPES = YES;
				CLANG_WARN_SUSPICIOUS_MOVE = YES;
				CLANG_WARN_UNGUARDED_AVAILABILITY = YES_AGGRESSIVE;
				CLANG_WARN_UNREACHABLE_CODE = YES;
				CLANG_WARN__DUPLICATE_METHOD_MATCH = YES;
				CODE_SIGN_IDENTITY = "iPhone Developer";
				COPY_PHASE_STRIP = NO;
				DEBUG_INFORMATION_FORMAT = dwarf;
				ENABLE_STRICT_OBJC_MSGSEND = YES;
				ENABLE_TESTABILITY = YES;
				GCC_C_LANGUAGE_STANDARD = gnu11;
				GCC_DYNAMIC_NO_PIC = NO;
				GCC_NO_COMMON_BLOCKS = YES;
				GCC_OPTIMIZATION_LEVEL = 0;
				GCC_PREPROCESSOR_DEFINITIONS = (
					"DEBUG=1",
					"$(inherited)",
				);
				GCC_WARN_64_TO_32_BIT_CONVERSION = YES;
				GCC_WARN_ABOUT_RETURN_TYPE = YES_ERROR;
				GCC_WARN_UNDECLARED_SELECTOR = YES;
				GCC_WARN_UNINITIALIZED_AUTOS = YES_AGGRESSIVE;
				GCC_WARN_UNUSED_FUNCTION = YES;
				GCC_WARN_UNUSED_VARIABLE = YES;
				IPHONEOS_DEPLOYMENT_TARGET = 12.4;
				MTL_ENABLE_DEBUG_INFO = INCLUDE_SOURCE;
				MTL_FAST_MATH = YES;
				ONLY_ACTIVE_ARCH = YES;
				SDKROOT = iphoneos;
				SWIFT_ACTIVE_COMPILATION_CONDITIONS = DEBUG;
				SWIFT_OPTIMIZATION_LEVEL = "-Onone";
			};
			name = Debug;
		};
		5EC25AB422FC3FB600D9DA37 /* Release */ = {
			isa = XCBuildConfiguration;
			buildSettings = {
				ALWAYS_SEARCH_USER_PATHS = NO;
				CLANG_ANALYZER_NONNULL = YES;
				CLANG_ANALYZER_NUMBER_OBJECT_CONVERSION = YES_AGGRESSIVE;
				CLANG_CXX_LANGUAGE_STANDARD = "gnu++14";
				CLANG_CXX_LIBRARY = "libc++";
				CLANG_ENABLE_MODULES = YES;
				CLANG_ENABLE_OBJC_ARC = YES;
				CLANG_ENABLE_OBJC_WEAK = YES;
				CLANG_WARN_BLOCK_CAPTURE_AUTORELEASING = YES;
				CLANG_WARN_BOOL_CONVERSION = YES;
				CLANG_WARN_COMMA = YES;
				CLANG_WARN_CONSTANT_CONVERSION = YES;
				CLANG_WARN_DEPRECATED_OBJC_IMPLEMENTATIONS = YES;
				CLANG_WARN_DIRECT_OBJC_ISA_USAGE = YES_ERROR;
				CLANG_WARN_DOCUMENTATION_COMMENTS = YES;
				CLANG_WARN_EMPTY_BODY = YES;
				CLANG_WARN_ENUM_CONVERSION = YES;
				CLANG_WARN_INFINITE_RECURSION = YES;
				CLANG_WARN_INT_CONVERSION = YES;
				CLANG_WARN_NON_LITERAL_NULL_CONVERSION = YES;
				CLANG_WARN_OBJC_IMPLICIT_RETAIN_SELF = YES;
				CLANG_WARN_OBJC_LITERAL_CONVERSION = YES;
				CLANG_WARN_OBJC_ROOT_CLASS = YES_ERROR;
				CLANG_WARN_RANGE_LOOP_ANALYSIS = YES;
				CLANG_WARN_STRICT_PROTOTYPES = YES;
				CLANG_WARN_SUSPICIOUS_MOVE = YES;
				CLANG_WARN_UNGUARDED_AVAILABILITY = YES_AGGRESSIVE;
				CLANG_WARN_UNREACHABLE_CODE = YES;
				CLANG_WARN__DUPLICATE_METHOD_MATCH = YES;
				CODE_SIGN_IDENTITY = "iPhone Developer";
				COPY_PHASE_STRIP = NO;
				DEBUG_INFORMATION_FORMAT = "dwarf-with-dsym";
				ENABLE_NS_ASSERTIONS = NO;
				ENABLE_STRICT_OBJC_MSGSEND = YES;
				GCC_C_LANGUAGE_STANDARD = gnu11;
				GCC_NO_COMMON_BLOCKS = YES;
				GCC_WARN_64_TO_32_BIT_CONVERSION = YES;
				GCC_WARN_ABOUT_RETURN_TYPE = YES_ERROR;
				GCC_WARN_UNDECLARED_SELECTOR = YES;
				GCC_WARN_UNINITIALIZED_AUTOS = YES_AGGRESSIVE;
				GCC_WARN_UNUSED_FUNCTION = YES;
				GCC_WARN_UNUSED_VARIABLE = YES;
				IPHONEOS_DEPLOYMENT_TARGET = 12.4;
				MTL_ENABLE_DEBUG_INFO = NO;
				MTL_FAST_MATH = YES;
				SDKROOT = iphoneos;
				SWIFT_COMPILATION_MODE = wholemodule;
				SWIFT_OPTIMIZATION_LEVEL = "-O";
				VALIDATE_PRODUCT = YES;
			};
			name = Release;
		};
		5EC25AB622FC3FB600D9DA37 /* Debug */ = {
			isa = XCBuildConfiguration;
			buildSettings = {
				ASSETCATALOG_COMPILER_APPICON_NAME = AppIcon;
				CODE_SIGN_STYLE = Automatic;
				INFOPLIST_FILE = TravelPlanning/Info.plist;
				LD_RUNPATH_SEARCH_PATHS = (
					"$(inherited)",
					"@executable_path/Frameworks",
				);
				PRODUCT_BUNDLE_IDENTIFIER = com.lourdes.TravelPlanning;
				PRODUCT_NAME = "$(TARGET_NAME)";
				SWIFT_VERSION = 5.0;
				TARGETED_DEVICE_FAMILY = "1,2";
			};
			name = Debug;
		};
		5EC25AB722FC3FB600D9DA37 /* Release */ = {
			isa = XCBuildConfiguration;
			buildSettings = {
				ASSETCATALOG_COMPILER_APPICON_NAME = AppIcon;
				CODE_SIGN_STYLE = Automatic;
				INFOPLIST_FILE = TravelPlanning/Info.plist;
				LD_RUNPATH_SEARCH_PATHS = (
					"$(inherited)",
					"@executable_path/Frameworks",
				);
				PRODUCT_BUNDLE_IDENTIFIER = com.lourdes.TravelPlanning;
				PRODUCT_NAME = "$(TARGET_NAME)";
				SWIFT_VERSION = 5.0;
				TARGETED_DEVICE_FAMILY = "1,2";
			};
			name = Release;
		};
/* End XCBuildConfiguration section */

/* Begin XCConfigurationList section */
		5EC25A9E22FC3FB400D9DA37 /* Build configuration list for PBXProject "TravelPlanning" */ = {
			isa = XCConfigurationList;
			buildConfigurations = (
				5EC25AB322FC3FB600D9DA37 /* Debug */,
				5EC25AB422FC3FB600D9DA37 /* Release */,
			);
			defaultConfigurationIsVisible = 0;
			defaultConfigurationName = Release;
		};
		5EC25AB522FC3FB600D9DA37 /* Build configuration list for PBXNativeTarget "TravelPlanning" */ = {
			isa = XCConfigurationList;
			buildConfigurations = (
				5EC25AB622FC3FB600D9DA37 /* Debug */,
				5EC25AB722FC3FB600D9DA37 /* Release */,
			);
			defaultConfigurationIsVisible = 0;
			defaultConfigurationName = Release;
		};
/* End XCConfigurationList section */
	};
	rootObject = 5EC25A9B22FC3FB400D9DA37 /* Project object */;
}
